{"1.1.0",
[{<<"elli">>,
  {git,"https://github.com/elli-lib/elli.git",
       {ref,"cb8ffcdd95cf67ecfd4e8a5d0f79b87e40bb85ba"}},
  0},
 {<<"hex_core">>,{pkg,<<"hex_core">>,<<"0.4.0">>},0}]}.
[
{pkg_hash,[
 {<<"hex_core">>, <<"6A0E0B1B519850344292298DA1BFA685E71534FDF4C69434993039F81078C7FA">>}]}
].
